// !$*UTF8*$!
{
	archiveVersion = 1;
	classes = {
	};
	objectVersion = 46;
	objects = {

/* Begin PBXBuildFile section */
		A5CD1C261BC68E84003F6ECB /* main.m in Sources */ = {isa = PBXBuildFile; fileRef = A5CD1C251BC68E84003F6ECB /* main.m */; };
		A5CD1C291BC68E84003F6ECB /* AppDelegate.m in Sources */ = {isa = PBXBuildFile; fileRef = A5CD1C281BC68E84003F6ECB /* AppDelegate.m */; };
		A5CD1C2C1BC68E84003F6ECB /* ViewController.m in Sources */ = {isa = PBXBuildFile; fileRef = A5CD1C2B1BC68E84003F6ECB /* ViewController.m */; };
		A5CD1C2F1BC68E84003F6ECB /* Main.storyboard in Resources */ = {isa = PBXBuildFile; fileRef = A5CD1C2D1BC68E84003F6ECB /* Main.storyboard */; };
		A5CD1C321BC68E84003F6ECB /* VPSign.xcdatamodeld in Sources */ = {isa = PBXBuildFile; fileRef = A5CD1C301BC68E84003F6ECB /* VPSign.xcdatamodeld */; };
		A5CD1C341BC68E84003F6ECB /* Assets.xcassets in Resources */ = {isa = PBXBuildFile; fileRef = A5CD1C331BC68E84003F6ECB /* Assets.xcassets */; };
		A5CD1C371BC68E84003F6ECB /* LaunchScreen.storyboard in Resources */ = {isa = PBXBuildFile; fileRef = A5CD1C351BC68E84003F6ECB /* LaunchScreen.storyboard */; };
		A5CD1C421BC68E84003F6ECB /* VPSignTests.m in Sources */ = {isa = PBXBuildFile; fileRef = A5CD1C411BC68E84003F6ECB /* VPSignTests.m */; };
		A5CD1C4D1BC68E85003F6ECB /* VPSignUITests.m in Sources */ = {isa = PBXBuildFile; fileRef = A5CD1C4C1BC68E85003F6ECB /* VPSignUITests.m */; };
/* End PBXBuildFile section */

/* Begin PBXContainerItemProxy section */
		A5CD1C3E1BC68E84003F6ECB /* PBXContainerItemProxy */ = {
			isa = PBXContainerItemProxy;
			containerPortal = A5CD1C191BC68E84003F6ECB /* Project object */;
			proxyType = 1;
			remoteGlobalIDString = A5CD1C201BC68E84003F6ECB;
			remoteInfo = VPSign;
		};
		A5CD1C491BC68E85003F6ECB /* PBXContainerItemProxy */ = {
			isa = PBXContainerItemProxy;
			containerPortal = A5CD1C191BC68E84003F6ECB /* Project object */;
			proxyType = 1;
			remoteGlobalIDString = A5CD1C201BC68E84003F6ECB;
			remoteInfo = VPSign;
		};
/* End PBXContainerItemProxy section */

/* Begin PBXFileReference section */
		A5CD1C211BC68E84003F6ECB /* VPSign.app */ = {isa = PBXFileReference; explicitFileType = wrapper.application; includeInIndex = 0; path = VPSign.app; sourceTree = BUILT_PRODUCTS_DIR; };
		A5CD1C251BC68E84003F6ECB /* main.m */ = {isa = PBXFileReference; lastKnownFileType = sourcecode.c.objc; path = main.m; sourceTree = "<group>"; };
		A5CD1C271BC68E84003F6ECB /* AppDelegate.h */ = {isa = PBXFileReference; lastKnownFileType = sourcecode.c.h; path = AppDelegate.h; sourceTree = "<group>"; };
		A5CD1C281BC68E84003F6ECB /* AppDelegate.m */ = {isa = PBXFileReference; lastKnownFileType = sourcecode.c.objc; path = AppDelegate.m; sourceTree = "<group>"; };
		A5CD1C2A1BC68E84003F6ECB /* ViewController.h */ = {isa = PBXFileReference; lastKnownFileType = sourcecode.c.h; path = ViewController.h; sourceTree = "<group>"; };
		A5CD1C2B1BC68E84003F6ECB /* ViewController.m */ = {isa = PBXFileReference; lastKnownFileType = sourcecode.c.objc; path = ViewController.m; sourceTree = "<group>"; };
		A5CD1C2E1BC68E84003F6ECB /* Base */ = {isa = PBXFileReference; lastKnownFileType = file.storyboard; name = Base; path = Base.lproj/Main.storyboard; sourceTree = "<group>"; };
		A5CD1C311BC68E84003F6ECB /* VPSign.xcdatamodel */ = {isa = PBXFileReference; lastKnownFileType = wrapper.xcdatamodel; path = VPSign.xcdatamodel; sourceTree = "<group>"; };
		A5CD1C331BC68E84003F6ECB /* Assets.xcassets */ = {isa = PBXFileReference; lastKnownFileType = folder.assetcatalog; path = Assets.xcassets; sourceTree = "<group>"; };
		A5CD1C361BC68E84003F6ECB /* Base */ = {isa = PBXFileReference; lastKnownFileType = file.storyboard; name = Base; path = Base.lproj/LaunchScreen.storyboard; sourceTree = "<group>"; };
		A5CD1C381BC68E84003F6ECB /* Info.plist */ = {isa = PBXFileReference; lastKnownFileType = text.plist.xml; path = Info.plist; sourceTree = "<group>"; };
		A5CD1C3D1BC68E84003F6ECB /* VPSignTests.xctest */ = {isa = PBXFileReference; explicitFileType = wrapper.cfbundle; includeInIndex = 0; path = VPSignTests.xctest; sourceTree = BUILT_PRODUCTS_DIR; };
		A5CD1C411BC68E84003F6ECB /* VPSignTests.m */ = {isa = PBXFileReference; lastKnownFileType = sourcecode.c.objc; path = VPSignTests.m; sourceTree = "<group>"; };
		A5CD1C431BC68E85003F6ECB /* Info.plist */ = {isa = PBXFileReference; lastKnownFileType = text.plist.xml; path = Info.plist; sourceTree = "<group>"; };
		A5CD1C481BC68E85003F6ECB /* VPSignUITests.xctest */ = {isa = PBXFileReference; explicitFileType = wrapper.cfbundle; includeInIndex = 0; path = VPSignUITests.xctest; sourceTree = BUILT_PRODUCTS_DIR; };
		A5CD1C4C1BC68E85003F6ECB /* VPSignUITests.m */ = {isa = PBXFileReference; lastKnownFileType = sourcecode.c.objc; path = VPSignUITests.m; sourceTree = "<group>"; };
		A5CD1C4E1BC68E85003F6ECB /* Info.plist */ = {isa = PBXFileReference; lastKnownFileType = text.plist.xml; path = Info.plist; sourceTree = "<group>"; };
/* End PBXFileReference section */

/* Begin PBXFrameworksBuildPhase section */
		A5CD1C1E1BC68E84003F6ECB /* Frameworks */ = {
			isa = PBXFrameworksBuildPhase;
			buildActionMask = 2147483647;
			files = (
			);
			runOnlyForDeploymentPostprocessing = 0;
		};
		A5CD1C3A1BC68E84003F6ECB /* Frameworks */ = {
			isa = PBXFrameworksBuildPhase;
			buildActionMask = 2147483647;
			files = (
			);
			runOnlyForDeploymentPostprocessing = 0;
		};
		A5CD1C451BC68E85003F6ECB /* Frameworks */ = {
			isa = PBXFrameworksBuildPhase;
			buildActionMask = 2147483647;
			files = (
			);
			runOnlyForDeploymentPostprocessing = 0;
		};
/* End PBXFrameworksBuildPhase section */

/* Begin PBXGroup section */
		A5CD1C181BC68E84003F6ECB = {
			isa = PBXGroup;
			children = (
				A5CD1C231BC68E84003F6ECB /* VPSign */,
				A5CD1C401BC68E84003F6ECB /* VPSignTests */,
				A5CD1C4B1BC68E85003F6ECB /* VPSignUITests */,
				A5CD1C221BC68E84003F6ECB /* Products */,
			);
			sourceTree = "<group>";
		};
		A5CD1C221BC68E84003F6ECB /* Products */ = {
			isa = PBXGroup;
			children = (
				A5CD1C211BC68E84003F6ECB /* VPSign.app */,
				A5CD1C3D1BC68E84003F6ECB /* VPSignTests.xctest */,
				A5CD1C481BC68E85003F6ECB /* VPSignUITests.xctest */,
			);
			name = Products;
			sourceTree = "<group>";
		};
		A5CD1C231BC68E84003F6ECB /* VPSign */ = {
			isa = PBXGroup;
			children = (
				A5CD1C271BC68E84003F6ECB /* AppDelegate.h */,
				A5CD1C281BC68E84003F6ECB /* AppDelegate.m */,
				A5CD1C2A1BC68E84003F6ECB /* ViewController.h */,
				A5CD1C2B1BC68E84003F6ECB /* ViewController.m */,
				A5CD1C2D1BC68E84003F6ECB /* Main.storyboard */,
				A5CD1C331BC68E84003F6ECB /* Assets.xcassets */,
				A5CD1C351BC68E84003F6ECB /* LaunchScreen.storyboard */,
				A5CD1C381BC68E84003F6ECB /* Info.plist */,
				A5CD1C301BC68E84003F6ECB /* VPSign.xcdatamodeld */,
				A5CD1C241BC68E84003F6ECB /* Supporting Files */,
			);
			path = VPSign;
			sourceTree = "<group>";
		};
		A5CD1C241BC68E84003F6ECB /* Supporting Files */ = {
			isa = PBXGroup;
			children = (
				A5CD1C251BC68E84003F6ECB /* main.m */,
			);
			name = "Supporting Files";
			sourceTree = "<group>";
		};
		A5CD1C401BC68E84003F6ECB /* VPSignTests */ = {
			isa = PBXGroup;
			children = (
				A5CD1C411BC68E84003F6ECB /* VPSignTests.m */,
				A5CD1C431BC68E85003F6ECB /* Info.plist */,
			);
			path = VPSignTests;
			sourceTree = "<group>";
		};
		A5CD1C4B1BC68E85003F6ECB /* VPSignUITests */ = {
			isa = PBXGroup;
			children = (
				A5CD1C4C1BC68E85003F6ECB /* VPSignUITests.m */,
				A5CD1C4E1BC68E85003F6ECB /* Info.plist */,
			);
			path = VPSignUITests;
			sourceTree = "<group>";
		};
/* End PBXGroup section */

/* Begin PBXNativeTarget section */
		A5CD1C201BC68E84003F6ECB /* VPSign */ = {
			isa = PBXNativeTarget;
			buildConfigurationList = A5CD1C511BC68E85003F6ECB /* Build configuration list for PBXNativeTarget "VPSign" */;
			buildPhases = (
				A5CD1C1D1BC68E84003F6ECB /* Sources */,
				A5CD1C1E1BC68E84003F6ECB /* Frameworks */,
				A5CD1C1F1BC68E84003F6ECB /* Resources */,
			);
			buildRules = (
			);
			dependencies = (
			);
			name = VPSign;
			productName = VPSign;
			productReference = A5CD1C211BC68E84003F6ECB /* VPSign.app */;
			productType = "com.apple.product-type.application";
		};
		A5CD1C3C1BC68E84003F6ECB /* VPSignTests */ = {
			isa = PBXNativeTarget;
			buildConfigurationList = A5CD1C541BC68E85003F6ECB /* Build configuration list for PBXNativeTarget "VPSignTests" */;
			buildPhases = (
				A5CD1C391BC68E84003F6ECB /* Sources */,
				A5CD1C3A1BC68E84003F6ECB /* Frameworks */,
				A5CD1C3B1BC68E84003F6ECB /* Resources */,
			);
			buildRules = (
			);
			dependencies = (
				A5CD1C3F1BC68E84003F6ECB /* PBXTargetDependency */,
			);
			name = VPSignTests;
			productName = VPSignTests;
			productReference = A5CD1C3D1BC68E84003F6ECB /* VPSignTests.xctest */;
			productType = "com.apple.product-type.bundle.unit-test";
		};
		A5CD1C471BC68E85003F6ECB /* VPSignUITests */ = {
			isa = PBXNativeTarget;
			buildConfigurationList = A5CD1C571BC68E85003F6ECB /* Build configuration list for PBXNativeTarget "VPSignUITests" */;
			buildPhases = (
				A5CD1C441BC68E85003F6ECB /* Sources */,
				A5CD1C451BC68E85003F6ECB /* Frameworks */,
				A5CD1C461BC68E85003F6ECB /* Resources */,
			);
			buildRules = (
			);
			dependencies = (
				A5CD1C4A1BC68E85003F6ECB /* PBXTargetDependency */,
			);
			name = VPSignUITests;
			productName = VPSignUITests;
			productReference = A5CD1C481BC68E85003F6ECB /* VPSignUITests.xctest */;
			productType = "com.apple.product-type.bundle.ui-testing";
		};
/* End PBXNativeTarget section */

/* Begin PBXProject section */
		A5CD1C191BC68E84003F6ECB /* Project object */ = {
			isa = PBXProject;
			attributes = {
				LastUpgradeCheck = 0700;
				ORGANIZATIONNAME = "Beihang University";
				TargetAttributes = {
					A5CD1C201BC68E84003F6ECB = {
						CreatedOnToolsVersion = 7.0.1;
						DevelopmentTeam = WDA59C4558;
					};
					A5CD1C3C1BC68E84003F6ECB = {
						CreatedOnToolsVersion = 7.0.1;
						DevelopmentTeam = WDA59C4558;
						TestTargetID = A5CD1C201BC68E84003F6ECB;
					};
					A5CD1C471BC68E85003F6ECB = {
						CreatedOnToolsVersion = 7.0.1;
						DevelopmentTeam = WDA59C4558;
						TestTargetID = A5CD1C201BC68E84003F6ECB;
					};
				};
			};
			buildConfigurationList = A5CD1C1C1BC68E84003F6ECB /* Build configuration list for PBXProject "VPSign" */;
			compatibilityVersion = "Xcode 3.2";
			developmentRegion = English;
			hasScannedForEncodings = 0;
			knownRegions = (
				en,
				Base,
			);
			mainGroup = A5CD1C181BC68E84003F6ECB;
			productRefGroup = A5CD1C221BC68E84003F6ECB /* Products */;
			projectDirPath = "";
			projectRoot = "";
			targets = (
				A5CD1C201BC68E84003F6ECB /* VPSign */,
				A5CD1C3C1BC68E84003F6ECB /* VPSignTests */,
				A5CD1C471BC68E85003F6ECB /* VPSignUITests */,
			);
		};
/* End PBXProject section */

/* Begin PBXResourcesBuildPhase section */
		A5CD1C1F1BC68E84003F6ECB /* Resources */ = {
			isa = PBXResourcesBuildPhase;
			buildActionMask = 2147483647;
			files = (
				A5CD1C371BC68E84003F6ECB /* LaunchScreen.storyboard in Resources */,
				A5CD1C341BC68E84003F6ECB /* Assets.xcassets in Resources */,
				A5CD1C2F1BC68E84003F6ECB /* Main.storyboard in Resources */,
			);
			runOnlyForDeploymentPostprocessing = 0;
		};
		A5CD1C3B1BC68E84003F6ECB /* Resources */ = {
			isa = PBXResourcesBuildPhase;
			buildActionMask = 2147483647;
			files = (
			);
			runOnlyForDeploymentPostprocessing = 0;
		};
		A5CD1C461BC68E85003F6ECB /* Resources */ = {
			isa = PBXResourcesBuildPhase;
			buildActionMask = 2147483647;
			files = (
			);
			runOnlyForDeploymentPostprocessing = 0;
		};
/* End PBXResourcesBuildPhase section */

/* Begin PBXSourcesBuildPhase section */
		A5CD1C1D1BC68E84003F6ECB /* Sources */ = {
			isa = PBXSourcesBuildPhase;
			buildActionMask = 2147483647;
			files = (
				A5CD1C2C1BC68E84003F6ECB /* ViewController.m in Sources */,
				A5CD1C291BC68E84003F6ECB /* AppDelegate.m in Sources */,
				A5CD1C321BC68E84003F6ECB /* VPSign.xcdatamodeld in Sources */,
				A5CD1C261BC68E84003F6ECB /* main.m in Sources */,
			);
			runOnlyForDeploymentPostprocessing = 0;
		};
		A5CD1C391BC68E84003F6ECB /* Sources */ = {
			isa = PBXSourcesBuildPhase;
			buildActionMask = 2147483647;
			files = (
				A5CD1C421BC68E84003F6ECB /* VPSignTests.m in Sources */,
			);
			runOnlyForDeploymentPostprocessing = 0;
		};
		A5CD1C441BC68E85003F6ECB /* Sources */ = {
			isa = PBXSourcesBuildPhase;
			buildActionMask = 2147483647;
			files = (
				A5CD1C4D1BC68E85003F6ECB /* VPSignUITests.m in Sources */,
			);
			runOnlyForDeploymentPostprocessing = 0;
		};
/* End PBXSourcesBuildPhase section */

/* Begin PBXTargetDependency section */
		A5CD1C3F1BC68E84003F6ECB /* PBXTargetDependency */ = {
			isa = PBXTargetDependency;
			target = A5CD1C201BC68E84003F6ECB /* VPSign */;
			targetProxy = A5CD1C3E1BC68E84003F6ECB /* PBXContainerItemProxy */;
		};
		A5CD1C4A1BC68E85003F6ECB /* PBXTargetDependency */ = {
			isa = PBXTargetDependency;
			target = A5CD1C201BC68E84003F6ECB /* VPSign */;
			targetProxy = A5CD1C491BC68E85003F6ECB /* PBXContainerItemProxy */;
		};
/* End PBXTargetDependency section */

/* Begin PBXVariantGroup section */
		A5CD1C2D1BC68E84003F6ECB /* Main.storyboard */ = {
			isa = PBXVariantGroup;
			children = (
				A5CD1C2E1BC68E84003F6ECB /* Base */,
			);
			name = Main.storyboard;
			sourceTree = "<group>";
		};
		A5CD1C351BC68E84003F6ECB /* LaunchScreen.storyboard */ = {
			isa = PBXVariantGroup;
			children = (
				A5CD1C361BC68E84003F6ECB /* Base */,
			);
			name = LaunchScreen.storyboard;
			sourceTree = "<group>";
		};
/* End PBXVariantGroup section */

/* Begin XCBuildConfiguration section */
		A5CD1C4F1BC68E85003F6ECB /* Debug */ = {
			isa = XCBuildConfiguration;
			buildSettings = {
				ALWAYS_SEARCH_USER_PATHS = NO;
				CLANG_CXX_LANGUAGE_STANDARD = "gnu++0x";
				CLANG_CXX_LIBRARY = "libc++";
				CLANG_ENABLE_MODULES = YES;
				CLANG_ENABLE_OBJC_ARC = YES;
				CLANG_WARN_BOOL_CONVERSION = YES;
				CLANG_WARN_CONSTANT_CONVERSION = YES;
				CLANG_WARN_DIRECT_OBJC_ISA_USAGE = YES_ERROR;
				CLANG_WARN_EMPTY_BODY = YES;
				CLANG_WARN_ENUM_CONVERSION = YES;
				CLANG_WARN_INT_CONVERSION = YES;
				CLANG_WARN_OBJC_ROOT_CLASS = YES_ERROR;
				CLANG_WARN_UNREACHABLE_CODE = YES;
				CLANG_WARN__DUPLICATE_METHOD_MATCH = YES;
				"CODE_SIGN_IDENTITY[sdk=iphoneos*]" = "iPhone Developer";
				COPY_PHASE_STRIP = NO;
				DEBUG_INFORMATION_FORMAT = dwarf;
				ENABLE_STRICT_OBJC_MSGSEND = YES;
				ENABLE_TESTABILITY = YES;
				GCC_C_LANGUAGE_STANDARD = gnu99;
				GCC_DYNAMIC_NO_PIC = NO;
				GCC_NO_COMMON_BLOCKS = YES;
				GCC_OPTIMIZATION_LEVEL = 0;
				GCC_PREPROCESSOR_DEFINITIONS = (
					"DEBUG=1",
					"$(inherited)",
				);
				GCC_WARN_64_TO_32_BIT_CONVERSION = YES;
				GCC_WARN_ABOUT_RETURN_TYPE = YES_ERROR;
				GCC_WARN_UNDECLARED_SELECTOR = YES;
				GCC_WARN_UNINITIALIZED_AUTOS = YES_AGGRESSIVE;
				GCC_WARN_UNUSED_FUNCTION = YES;
				GCC_WARN_UNUSED_VARIABLE = YES;
				IPHONEOS_DEPLOYMENT_TARGET = 9.0;
				MTL_ENABLE_DEBUG_INFO = YES;
				ONLY_ACTIVE_ARCH = YES;
				SDKROOT = iphoneos;
				TARGETED_DEVICE_FAMILY = "1,2";
			};
			name = Debug;
		};
		A5CD1C501BC68E85003F6ECB /* Release */ = {
			isa = XCBuildConfiguration;
			buildSettings = {
				ALWAYS_SEARCH_USER_PATHS = NO;
				CLANG_CXX_LANGUAGE_STANDARD = "gnu++0x";
				CLANG_CXX_LIBRARY = "libc++";
				CLANG_ENABLE_MODULES = YES;
				CLANG_ENABLE_OBJC_ARC = YES;
				CLANG_WARN_BOOL_CONVERSION = YES;
				CLANG_WARN_CONSTANT_CONVERSION = YES;
				CLANG_WARN_DIRECT_OBJC_ISA_USAGE = YES_ERROR;
				CLANG_WARN_EMPTY_BODY = YES;
				CLANG_WARN_ENUM_CONVERSION = YES;
				CLANG_WARN_INT_CONVERSION = YES;
				CLANG_WARN_OBJC_ROOT_CLASS = YES_ERROR;
				CLANG_WARN_UNREACHABLE_CODE = YES;
				CLANG_WARN__DUPLICATE_METHOD_MATCH = YES;
				"CODE_SIGN_IDENTITY[sdk=iphoneos*]" = "iPhone Developer";
				COPY_PHASE_STRIP = NO;
				DEBUG_INFORMATION_FORMAT = "dwarf-with-dsym";
				ENABLE_NS_ASSERTIONS = NO;
				ENABLE_STRICT_OBJC_MSGSEND = YES;
				GCC_C_LANGUAGE_STANDARD = gnu99;
				GCC_NO_COMMON_BLOCKS = YES;
				GCC_WARN_64_TO_32_BIT_CONVERSION = YES;
				GCC_WARN_ABOUT_RETURN_TYPE = YES_ERROR;
				GCC_WARN_UNDECLARED_SELECTOR = YES;
				GCC_WARN_UNINITIALIZED_AUTOS = YES_AGGRESSIVE;
				GCC_WARN_UNUSED_FUNCTION = YES;
				GCC_WARN_UNUSED_VARIABLE = YES;
				IPHONEOS_DEPLOYMENT_TARGET = 9.0;
				MTL_ENABLE_DEBUG_INFO = NO;
				SDKROOT = iphoneos;
				TARGETED_DEVICE_FAMILY = "1,2";
				VALIDATE_PRODUCT = YES;
			};
			name = Release;
		};
		A5CD1C521BC68E85003F6ECB /* Debug */ = {
			isa = XCBuildConfiguration;
			buildSettings = {
				ASSETCATALOG_COMPILER_APPICON_NAME = AppIcon;
				INFOPLIST_FILE = VPSign/Info.plist;
				LD_RUNPATH_SEARCH_PATHS = "$(inherited) @executable_path/Frameworks";
				PRODUCT_BUNDLE_IDENTIFIER = com.buaa.edu.cn.11211005.VPSign;
				PRODUCT_NAME = "$(TARGET_NAME)";
			};
			name = Debug;
		};
		A5CD1C531BC68E85003F6ECB /* Release */ = {
			isa = XCBuildConfiguration;
			buildSettings = {
				ASSETCATALOG_COMPILER_APPICON_NAME = AppIcon;
				INFOPLIST_FILE = VPSign/Info.plist;
				LD_RUNPATH_SEARCH_PATHS = "$(inherited) @executable_path/Frameworks";
				PRODUCT_BUNDLE_IDENTIFIER = com.buaa.edu.cn.11211005.VPSign;
				PRODUCT_NAME = "$(TARGET_NAME)";
			};
			name = Release;
		};
		A5CD1C551BC68E85003F6ECB /* Debug */ = {
			isa = XCBuildConfiguration;
			buildSettings = {
				BUNDLE_LOADER = "$(TEST_HOST)";
				INFOPLIST_FILE = VPSignTests/Info.plist;
				LD_RUNPATH_SEARCH_PATHS = "$(inherited) @executable_path/Frameworks @loader_path/Frameworks";
				PRODUCT_BUNDLE_IDENTIFIER = com.buaa.edu.cn.11211005.VPSignTests;
				PRODUCT_NAME = "$(TARGET_NAME)";
				TEST_HOST = "$(BUILT_PRODUCTS_DIR)/VPSign.app/VPSign";
			};
			name = Debug;
		};
		A5CD1C561BC68E85003F6ECB /* Release */ = {
			isa = XCBuildConfiguration;
			buildSettings = {
				BUNDLE_LOADER = "$(TEST_HOST)";
				INFOPLIST_FILE = VPSignTests/Info.plist;
				LD_RUNPATH_SEARCH_PATHS = "$(inherited) @executable_path/Frameworks @loader_path/Frameworks";
				PRODUCT_BUNDLE_IDENTIFIER = com.buaa.edu.cn.11211005.VPSignTests;
				PRODUCT_NAME = "$(TARGET_NAME)";
				TEST_HOST = "$(BUILT_PRODUCTS_DIR)/VPSign.app/VPSign";
			};
			name = Release;
		};
		A5CD1C581BC68E85003F6ECB /* Debug */ = {
			isa = XCBuildConfiguration;
			buildSettings = {
				INFOPLIST_FILE = VPSignUITests/Info.plist;
				LD_RUNPATH_SEARCH_PATHS = "$(inherited) @executable_path/Frameworks @loader_path/Frameworks";
				PRODUCT_BUNDLE_IDENTIFIER = com.buaa.edu.cn.11211005.VPSignUITests;
				PRODUCT_NAME = "$(TARGET_NAME)";
				TEST_TARGET_NAME = VPSign;
				USES_XCTRUNNER = YES;
			};
			name = Debug;
		};
		A5CD1C591BC68E85003F6ECB /* Release */ = {
			isa = XCBuildConfiguration;
			buildSettings = {
				INFOPLIST_FILE = VPSignUITests/Info.plist;
				LD_RUNPATH_SEARCH_PATHS = "$(inherited) @executable_path/Frameworks @loader_path/Frameworks";
				PRODUCT_BUNDLE_IDENTIFIER = com.buaa.edu.cn.11211005.VPSignUITests;
				PRODUCT_NAME = "$(TARGET_NAME)";
				TEST_TARGET_NAME = VPSign;
				USES_XCTRUNNER = YES;
			};
			name = Release;
		};
/* End XCBuildConfiguration section */

/* Begin XCConfigurationList section */
		A5CD1C1C1BC68E84003F6ECB /* Build configuration list for PBXProject "VPSign" */ = {
			isa = XCConfigurationList;
			buildConfigurations = (
				A5CD1C4F1BC68E85003F6ECB /* Debug */,
				A5CD1C501BC68E85003F6ECB /* Release */,
			);
			defaultConfigurationIsVisible = 0;
			defaultConfigurationName = Release;
		};
		A5CD1C511BC68E85003F6ECB /* Build configuration list for PBXNativeTarget "VPSign" */ = {
			isa = XCConfigurationList;
			buildConfigurations = (
				A5CD1C521BC68E85003F6ECB /* Debug */,
				A5CD1C531BC68E85003F6ECB /* Release */,
			);
			defaultConfigurationIsVisible = 0;
		};
		A5CD1C541BC68E85003F6ECB /* Build configuration list for PBXNativeTarget "VPSignTests" */ = {
			isa = XCConfigurationList;
			buildConfigurations = (
				A5CD1C551BC68E85003F6ECB /* Debug */,
				A5CD1C561BC68E85003F6ECB /* Release */,
			);
			defaultConfigurationIsVisible = 0;
		};
		A5CD1C571BC68E85003F6ECB /* Build configuration list for PBXNativeTarget "VPSignUITests" */ = {
			isa = XCConfigurationList;
			buildConfigurations = (
				A5CD1C581BC68E85003F6ECB /* Debug */,
				A5CD1C591BC68E85003F6ECB /* Release */,
			);
			defaultConfigurationIsVisible = 0;
		};
/* End XCConfigurationList section */

/* Begin XCVersionGroup section */
		A5CD1C301BC68E84003F6ECB /* VPSign.xcdatamodeld */ = {
			isa = XCVersionGroup;
			children = (
				A5CD1C311BC68E84003F6ECB /* VPSign.xcdatamodel */,
			);
			currentVersion = A5CD1C311BC68E84003F6ECB /* VPSign.xcdatamodel */;
			path = VPSign.xcdatamodeld;
			sourceTree = "<group>";
			versionGroupType = wrapper.xcdatamodel;
		};
/* End XCVersionGroup section */
	};
	rootObject = A5CD1C191BC68E84003F6ECB /* Project object */;
}
